
Microsoft Visual Studio Solution File, Format Version 12.00
# Visual Studio Version 17
VisualStudioVersion = 17.8.34316.72
MinimumVisualStudioVersion = 10.0.40219.1
Project("{8BC9CEB8-8B4A-11D0-8D11-00A0C91BC942}") = "HF", "HF\HF.vcxproj", "{F82ECCF6-8A41-4BBC-AA10-90469550793C}"
EndProject
Global
	GlobalSection(SolutionConfigurationPlatforms) = preSolution
		Debug|x64 = Debug|x64
		Debug|x86 = Debug|x86
		Release|x64 = Release|x64
		Release|x86 = Release|x86
	EndGlobalSection
	GlobalSection(ProjectConfigurationPlatforms) = postSolution
		{F82ECCF6-8A41-4BBC-AA10-90469550793C}.Debug|x64.ActiveCfg = Debug|x64
		{F82ECCF6-8A41-4BBC-AA10-90469550793C}.Debug|x64.Build.0 = Debug|x64
		{F82ECCF6-8A41-4BBC-AA10-90469550793C}.Debug|x86.ActiveCfg = Debug|Win32
		{F82ECCF6-8A41-4BBC-AA10-90469550793C}.Debug|x86.Build.0 = Debug|Win32
		{F82ECCF6-8A41-4BBC-AA10-90469550793C}.Release|x64.ActiveCfg = Release|x64
		{F82ECCF6-8A41-4BBC-AA10-90469550793C}.Release|x64.Build.0 = Release|x64
		{F82ECCF6-8A41-4BBC-AA10-90469550793C}.Release|x86.ActiveCfg = Release|Win32
		{F82ECCF6-8A41-4BBC-AA10-90469550793C}.Release|x86.Build.0 = Release|Win32
	EndGlobalSection
	GlobalSection(SolutionProperties) = preSolution
		HideSolutionNode = FALSE
	EndGlobalSection
	GlobalSection(ExtensibilityGlobals) = postSolution
		SolutionGuid = {D55ACD68-255E-43BB-9C7D-0F4578675B9E}
	EndGlobalSection
EndGlobal
